// !$*UTF8*$!
{
	archiveVersion = 1;
	classes = {
	};
	objectVersion = 46;
	objects = {

/* Begin PBXBuildFile section */
		D6DC12C418CDEE4400011F97 /* Foundation.framework in Frameworks */ = {isa = PBXBuildFile; fileRef = D6DC12C318CDEE4400011F97 /* Foundation.framework */; };
		D6DC12C618CDEE4400011F97 /* CoreGraphics.framework in Frameworks */ = {isa = PBXBuildFile; fileRef = D6DC12C518CDEE4400011F97 /* CoreGraphics.framework */; };
		D6DC12C818CDEE4400011F97 /* UIKit.framework in Frameworks */ = {isa = PBXBuildFile; fileRef = D6DC12C718CDEE4400011F97 /* UIKit.framework */; };
		D6DC12CE18CDEE4400011F97 /* InfoPlist.strings in Resources */ = {isa = PBXBuildFile; fileRef = D6DC12CC18CDEE4400011F97 /* InfoPlist.strings */; };
		D6DC12D018CDEE4400011F97 /* main.m in Sources */ = {isa = PBXBuildFile; fileRef = D6DC12CF18CDEE4400011F97 /* main.m */; };
		D6DC12D418CDEE4400011F97 /* AppDelegate.m in Sources */ = {isa = PBXBuildFile; fileRef = D6DC12D318CDEE4400011F97 /* AppDelegate.m */; };
		D6DC12D718CDEE4400011F97 /* Main.storyboard in Resources */ = {isa = PBXBuildFile; fileRef = D6DC12D518CDEE4400011F97 /* Main.storyboard */; };
		D6DC12DA18CDEE4400011F97 /* FirstViewController.m in Sources */ = {isa = PBXBuildFile; fileRef = D6DC12D918CDEE4400011F97 /* FirstViewController.m */; };
		D6DC12DD18CDEE4400011F97 /* SecondViewController.m in Sources */ = {isa = PBXBuildFile; fileRef = D6DC12DC18CDEE4400011F97 /* SecondViewController.m */; };
		D6DC12DF18CDEE4400011F97 /* Images.xcassets in Resources */ = {isa = PBXBuildFile; fileRef = D6DC12DE18CDEE4400011F97 /* Images.xcassets */; };
		D6DC12E618CDEE4400011F97 /* XCTest.framework in Frameworks */ = {isa = PBXBuildFile; fileRef = D6DC12E518CDEE4400011F97 /* XCTest.framework */; };
		D6DC12E718CDEE4500011F97 /* Foundation.framework in Frameworks */ = {isa = PBXBuildFile; fileRef = D6DC12C318CDEE4400011F97 /* Foundation.framework */; };
		D6DC12E818CDEE4500011F97 /* UIKit.framework in Frameworks */ = {isa = PBXBuildFile; fileRef = D6DC12C718CDEE4400011F97 /* UIKit.framework */; };
		D6DC12F018CDEE4500011F97 /* InfoPlist.strings in Resources */ = {isa = PBXBuildFile; fileRef = D6DC12EE18CDEE4500011F97 /* InfoPlist.strings */; };
		D6DC12F218CDEE4500011F97 /* AutolayoutExampleTests.m in Sources */ = {isa = PBXBuildFile; fileRef = D6DC12F118CDEE4500011F97 /* AutolayoutExampleTests.m */; };
		D6DC12FE18CDFEC200011F97 /* Icon.png in Resources */ = {isa = PBXBuildFile; fileRef = D6DC12FD18CDFEC200011F97 /* Icon.png */; };
/* End PBXBuildFile section */

/* Begin PBXContainerItemProxy section */
		D6DC12E918CDEE4500011F97 /* PBXContainerItemProxy */ = {
			isa = PBXContainerItemProxy;
			containerPortal = D6DC12B818CDEE4400011F97 /* Project object */;
			proxyType = 1;
			remoteGlobalIDString = D6DC12BF18CDEE4400011F97;
			remoteInfo = AutolayoutExample;
		};
/* End PBXContainerItemProxy section */

/* Begin PBXFileReference section */
		D6DC12C018CDEE4400011F97 /* AutolayoutExample.app */ = {isa = PBXFileReference; explicitFileType = wrapper.application; includeInIndex = 0; path = AutolayoutExample.app; sourceTree = BUILT_PRODUCTS_DIR; };
		D6DC12C318CDEE4400011F97 /* Foundation.framework */ = {isa = PBXFileReference; lastKnownFileType = wrapper.framework; name = Foundation.framework; path = System/Library/Frameworks/Foundation.framework; sourceTree = SDKROOT; };
		D6DC12C518CDEE4400011F97 /* CoreGraphics.framework */ = {isa = PBXFileReference; lastKnownFileType = wrapper.framework; name = CoreGraphics.framework; path = System/Library/Frameworks/CoreGraphics.framework; sourceTree = SDKROOT; };
		D6DC12C718CDEE4400011F97 /* UIKit.framework */ = {isa = PBXFileReference; lastKnownFileType = wrapper.framework; name = UIKit.framework; path = System/Library/Frameworks/UIKit.framework; sourceTree = SDKROOT; };
		D6DC12CB18CDEE4400011F97 /* AutolayoutExample-Info.plist */ = {isa = PBXFileReference; lastKnownFileType = text.plist.xml; path = "AutolayoutExample-Info.plist"; sourceTree = "<group>"; };
		D6DC12CD18CDEE4400011F97 /* en */ = {isa = PBXFileReference; lastKnownFileType = text.plist.strings; name = en; path = en.lproj/InfoPlist.strings; sourceTree = "<group>"; };
		D6DC12CF18CDEE4400011F97 /* main.m */ = {isa = PBXFileReference; lastKnownFileType = sourcecode.c.objc; path = main.m; sourceTree = "<group>"; };
		D6DC12D118CDEE4400011F97 /* AutolayoutExample-Prefix.pch */ = {isa = PBXFileReference; lastKnownFileType = sourcecode.c.h; path = "AutolayoutExample-Prefix.pch"; sourceTree = "<group>"; };
		D6DC12D218CDEE4400011F97 /* AppDelegate.h */ = {isa = PBXFileReference; lastKnownFileType = sourcecode.c.h; path = AppDelegate.h; sourceTree = "<group>"; };
		D6DC12D318CDEE4400011F97 /* AppDelegate.m */ = {isa = PBXFileReference; lastKnownFileType = sourcecode.c.objc; path = AppDelegate.m; sourceTree = "<group>"; };
		D6DC12D618CDEE4400011F97 /* Base */ = {isa = PBXFileReference; lastKnownFileType = file.storyboard; name = Base; path = Base.lproj/Main.storyboard; sourceTree = "<group>"; };
		D6DC12D818CDEE4400011F97 /* FirstViewController.h */ = {isa = PBXFileReference; lastKnownFileType = sourcecode.c.h; path = FirstViewController.h; sourceTree = "<group>"; };
		D6DC12D918CDEE4400011F97 /* FirstViewController.m */ = {isa = PBXFileReference; lastKnownFileType = sourcecode.c.objc; path = FirstViewController.m; sourceTree = "<group>"; };
		D6DC12DB18CDEE4400011F97 /* SecondViewController.h */ = {isa = PBXFileReference; lastKnownFileType = sourcecode.c.h; path = SecondViewController.h; sourceTree = "<group>"; };
		D6DC12DC18CDEE4400011F97 /* SecondViewController.m */ = {isa = PBXFileReference; lastKnownFileType = sourcecode.c.objc; path = SecondViewController.m; sourceTree = "<group>"; };
		D6DC12DE18CDEE4400011F97 /* Images.xcassets */ = {isa = PBXFileReference; lastKnownFileType = folder.assetcatalog; path = Images.xcassets; sourceTree = "<group>"; };
		D6DC12E418CDEE4400011F97 /* AutolayoutExampleTests.xctest */ = {isa = PBXFileReference; explicitFileType = wrapper.cfbundle; includeInIndex = 0; path = AutolayoutExampleTests.xctest; sourceTree = BUILT_PRODUCTS_DIR; };
		D6DC12E518CDEE4400011F97 /* XCTest.framework */ = {isa = PBXFileReference; lastKnownFileType = wrapper.framework; name = XCTest.framework; path = Library/Frameworks/XCTest.framework; sourceTree = DEVELOPER_DIR; };
		D6DC12ED18CDEE4500011F97 /* AutolayoutExampleTests-Info.plist */ = {isa = PBXFileReference; lastKnownFileType = text.plist.xml; path = "AutolayoutExampleTests-Info.plist"; sourceTree = "<group>"; };
		D6DC12EF18CDEE4500011F97 /* en */ = {isa = PBXFileReference; lastKnownFileType = text.plist.strings; name = en; path = en.lproj/InfoPlist.strings; sourceTree = "<group>"; };
		D6DC12F118CDEE4500011F97 /* AutolayoutExampleTests.m */ = {isa = PBXFileReference; lastKnownFileType = sourcecode.c.objc; path = AutolayoutExampleTests.m; sourceTree = "<group>"; };
		D6DC12FD18CDFEC200011F97 /* Icon.png */ = {isa = PBXFileReference; lastKnownFileType = image.png; name = Icon.png; path = ../../AFNetworking/Example/Icon.png; sourceTree = "<group>"; };
/* End PBXFileReference section */

/* Begin PBXFrameworksBuildPhase section */
		D6DC12BD18CDEE4400011F97 /* Frameworks */ = {
			isa = PBXFrameworksBuildPhase;
			buildActionMask = 2147483647;
			files = (
				D6DC12C618CDEE4400011F97 /* CoreGraphics.framework in Frameworks */,
				D6DC12C818CDEE4400011F97 /* UIKit.framework in Frameworks */,
				D6DC12C418CDEE4400011F97 /* Foundation.framework in Frameworks */,
			);
			runOnlyForDeploymentPostprocessing = 0;
		};
		D6DC12E118CDEE4400011F97 /* Frameworks */ = {
			isa = PBXFrameworksBuildPhase;
			buildActionMask = 2147483647;
			files = (
				D6DC12E618CDEE4400011F97 /* XCTest.framework in Frameworks */,
				D6DC12E818CDEE4500011F97 /* UIKit.framework in Frameworks */,
				D6DC12E718CDEE4500011F97 /* Foundation.framework in Frameworks */,
			);
			runOnlyForDeploymentPostprocessing = 0;
		};
/* End PBXFrameworksBuildPhase section */

/* Begin PBXGroup section */
		D6DC12B718CDEE4400011F97 = {
			isa = PBXGroup;
			children = (
				D6DC12C918CDEE4400011F97 /* AutolayoutExample */,
				D6DC12EB18CDEE4500011F97 /* AutolayoutExampleTests */,
				D6DC12C218CDEE4400011F97 /* Frameworks */,
				D6DC12C118CDEE4400011F97 /* Products */,
			);
			sourceTree = "<group>";
		};
		D6DC12C118CDEE4400011F97 /* Products */ = {
			isa = PBXGroup;
			children = (
				D6DC12C018CDEE4400011F97 /* AutolayoutExample.app */,
				D6DC12E418CDEE4400011F97 /* AutolayoutExampleTests.xctest */,
			);
			name = Products;
			sourceTree = "<group>";
		};
		D6DC12C218CDEE4400011F97 /* Frameworks */ = {
			isa = PBXGroup;
			children = (
				D6DC12C318CDEE4400011F97 /* Foundation.framework */,
				D6DC12C518CDEE4400011F97 /* CoreGraphics.framework */,
				D6DC12C718CDEE4400011F97 /* UIKit.framework */,
				D6DC12E518CDEE4400011F97 /* XCTest.framework */,
			);
			name = Frameworks;
			sourceTree = "<group>";
		};
		D6DC12C918CDEE4400011F97 /* AutolayoutExample */ = {
			isa = PBXGroup;
			children = (
				D6DC12D218CDEE4400011F97 /* AppDelegate.h */,
				D6DC12D318CDEE4400011F97 /* AppDelegate.m */,
				D6DC12D518CDEE4400011F97 /* Main.storyboard */,
				D6DC12D818CDEE4400011F97 /* FirstViewController.h */,
				D6DC12D918CDEE4400011F97 /* FirstViewController.m */,
				D6DC12DB18CDEE4400011F97 /* SecondViewController.h */,
				D6DC12DC18CDEE4400011F97 /* SecondViewController.m */,
				D6DC12DE18CDEE4400011F97 /* Images.xcassets */,
				D6DC12CA18CDEE4400011F97 /* Supporting Files */,
			);
			path = AutolayoutExample;
			sourceTree = "<group>";
		};
		D6DC12CA18CDEE4400011F97 /* Supporting Files */ = {
			isa = PBXGroup;
			children = (
				D6DC12FD18CDFEC200011F97 /* Icon.png */,
				D6DC12CB18CDEE4400011F97 /* AutolayoutExample-Info.plist */,
				D6DC12CC18CDEE4400011F97 /* InfoPlist.strings */,
				D6DC12CF18CDEE4400011F97 /* main.m */,
				D6DC12D118CDEE4400011F97 /* AutolayoutExample-Prefix.pch */,
			);
			name = "Supporting Files";
			sourceTree = "<group>";
		};
		D6DC12EB18CDEE4500011F97 /* AutolayoutExampleTests */ = {
			isa = PBXGroup;
			children = (
				D6DC12F118CDEE4500011F97 /* AutolayoutExampleTests.m */,
				D6DC12EC18CDEE4500011F97 /* Supporting Files */,
			);
			path = AutolayoutExampleTests;
			sourceTree = "<group>";
		};
		D6DC12EC18CDEE4500011F97 /* Supporting Files */ = {
			isa = PBXGroup;
			children = (
				D6DC12ED18CDEE4500011F97 /* AutolayoutExampleTests-Info.plist */,
				D6DC12EE18CDEE4500011F97 /* InfoPlist.strings */,
			);
			name = "Supporting Files";
			sourceTree = "<group>";
		};
/* End PBXGroup section */

/* Begin PBXNativeTarget section */
		D6DC12BF18CDEE4400011F97 /* AutolayoutExample */ = {
			isa = PBXNativeTarget;
			buildConfigurationList = D6DC12F518CDEE4500011F97 /* Build configuration list for PBXNativeTarget "AutolayoutExample" */;
			buildPhases = (
				D6DC12BC18CDEE4400011F97 /* Sources */,
				D6DC12BD18CDEE4400011F97 /* Frameworks */,
				D6DC12BE18CDEE4400011F97 /* Resources */,
			);
			buildRules = (
			);
			dependencies = (
			);
			name = AutolayoutExample;
			productName = AutolayoutExample;
			productReference = D6DC12C018CDEE4400011F97 /* AutolayoutExample.app */;
			productType = "com.apple.product-type.application";
		};
		D6DC12E318CDEE4400011F97 /* AutolayoutExampleTests */ = {
			isa = PBXNativeTarget;
			buildConfigurationList = D6DC12F818CDEE4500011F97 /* Build configuration list for PBXNativeTarget "AutolayoutExampleTests" */;
			buildPhases = (
				D6DC12E018CDEE4400011F97 /* Sources */,
				D6DC12E118CDEE4400011F97 /* Frameworks */,
				D6DC12E218CDEE4400011F97 /* Resources */,
			);
			buildRules = (
			);
			dependencies = (
				D6DC12EA18CDEE4500011F97 /* PBXTargetDependency */,
			);
			name = AutolayoutExampleTests;
			productName = AutolayoutExampleTests;
			productReference = D6DC12E418CDEE4400011F97 /* AutolayoutExampleTests.xctest */;
			productType = "com.apple.product-type.bundle.unit-test";
		};
/* End PBXNativeTarget section */

/* Begin PBXProject section */
		D6DC12B818CDEE4400011F97 /* Project object */ = {
			isa = PBXProject;
			attributes = {
				LastUpgradeCheck = 0500;
				ORGANIZATIONNAME = "Alexey Glushkov";
				TargetAttributes = {
					D6DC12E318CDEE4400011F97 = {
						TestTargetID = D6DC12BF18CDEE4400011F97;
					};
				};
			};
			buildConfigurationList = D6DC12BB18CDEE4400011F97 /* Build configuration list for PBXProject "AutolayoutExample" */;
			compatibilityVersion = "Xcode 3.2";
			developmentRegion = English;
			hasScannedForEncodings = 0;
			knownRegions = (
				en,
				Base,
			);
			mainGroup = D6DC12B718CDEE4400011F97;
			productRefGroup = D6DC12C118CDEE4400011F97 /* Products */;
			projectDirPath = "";
			projectRoot = "";
			targets = (
				D6DC12BF18CDEE4400011F97 /* AutolayoutExample */,
				D6DC12E318CDEE4400011F97 /* AutolayoutExampleTests */,
			);
		};
/* End PBXProject section */

/* Begin PBXResourcesBuildPhase section */
		D6DC12BE18CDEE4400011F97 /* Resources */ = {
			isa = PBXResourcesBuildPhase;
			buildActionMask = 2147483647;
			files = (
				D6DC12FE18CDFEC200011F97 /* Icon.png in Resources */,
				D6DC12DF18CDEE4400011F97 /* Images.xcassets in Resources */,
				D6DC12CE18CDEE4400011F97 /* InfoPlist.strings in Resources */,
				D6DC12D718CDEE4400011F97 /* Main.storyboard in Resources */,
			);
			runOnlyForDeploymentPostprocessing = 0;
		};
		D6DC12E218CDEE4400011F97 /* Resources */ = {
			isa = PBXResourcesBuildPhase;
			buildActionMask = 2147483647;
			files = (
				D6DC12F018CDEE4500011F97 /* InfoPlist.strings in Resources */,
			);
			runOnlyForDeploymentPostprocessing = 0;
		};
/* End PBXResourcesBuildPhase section */

/* Begin PBXSourcesBuildPhase section */
		D6DC12BC18CDEE4400011F97 /* Sources */ = {
			isa = PBXSourcesBuildPhase;
			buildActionMask = 2147483647;
			files = (
				D6DC12DD18CDEE4400011F97 /* SecondViewController.m in Sources */,
				D6DC12D418CDEE4400011F97 /* AppDelegate.m in Sources */,
				D6DC12DA18CDEE4400011F97 /* FirstViewController.m in Sources */,
				D6DC12D018CDEE4400011F97 /* main.m in Sources */,
			);
			runOnlyForDeploymentPostprocessing = 0;
		};
		D6DC12E018CDEE4400011F97 /* Sources */ = {
			isa = PBXSourcesBuildPhase;
			buildActionMask = 2147483647;
			files = (
				D6DC12F218CDEE4500011F97 /* AutolayoutExampleTests.m in Sources */,
			);
			runOnlyForDeploymentPostprocessing = 0;
		};
/* End PBXSourcesBuildPhase section */

/* Begin PBXTargetDependency section */
		D6DC12EA18CDEE4500011F97 /* PBXTargetDependency */ = {
			isa = PBXTargetDependency;
			target = D6DC12BF18CDEE4400011F97 /* AutolayoutExample */;
			targetProxy = D6DC12E918CDEE4500011F97 /* PBXContainerItemProxy */;
		};
/* End PBXTargetDependency section */

/* Begin PBXVariantGroup section */
		D6DC12CC18CDEE4400011F97 /* InfoPlist.strings */ = {
			isa = PBXVariantGroup;
			children = (
				D6DC12CD18CDEE4400011F97 /* en */,
			);
			name = InfoPlist.strings;
			sourceTree = "<group>";
		};
		D6DC12D518CDEE4400011F97 /* Main.storyboard */ = {
			isa = PBXVariantGroup;
			children = (
				D6DC12D618CDEE4400011F97 /* Base */,
			);
			name = Main.storyboard;
			sourceTree = "<group>";
		};
		D6DC12EE18CDEE4500011F97 /* InfoPlist.strings */ = {
			isa = PBXVariantGroup;
			children = (
				D6DC12EF18CDEE4500011F97 /* en */,
			);
			name = InfoPlist.strings;
			sourceTree = "<group>";
		};
/* End PBXVariantGroup section */

/* Begin XCBuildConfiguration section */
		D6DC12F318CDEE4500011F97 /* Debug */ = {
			isa = XCBuildConfiguration;
			buildSettings = {
				ALWAYS_SEARCH_USER_PATHS = NO;
				ARCHS = "$(ARCHS_STANDARD_INCLUDING_64_BIT)";
				CLANG_CXX_LANGUAGE_STANDARD = "gnu++0x";
				CLANG_CXX_LIBRARY = "libc++";
				CLANG_ENABLE_MODULES = YES;
				CLANG_ENABLE_OBJC_ARC = YES;
				CLANG_WARN_BOOL_CONVERSION = YES;
				CLANG_WARN_CONSTANT_CONVERSION = YES;
				CLANG_WARN_DIRECT_OBJC_ISA_USAGE = YES_ERROR;
				CLANG_WARN_EMPTY_BODY = YES;
				CLANG_WARN_ENUM_CONVERSION = YES;
				CLANG_WARN_INT_CONVERSION = YES;
				CLANG_WARN_OBJC_ROOT_CLASS = YES_ERROR;
				CLANG_WARN__DUPLICATE_METHOD_MATCH = YES;
				"CODE_SIGN_IDENTITY[sdk=iphoneos*]" = "iPhone Developer";
				COPY_PHASE_STRIP = NO;
				GCC_C_LANGUAGE_STANDARD = gnu99;
				GCC_DYNAMIC_NO_PIC = NO;
				GCC_OPTIMIZATION_LEVEL = 0;
				GCC_PREPROCESSOR_DEFINITIONS = (
					"DEBUG=1",
					"$(inherited)",
				);
				GCC_SYMBOLS_PRIVATE_EXTERN = NO;
				GCC_WARN_64_TO_32_BIT_CONVERSION = YES;
				GCC_WARN_ABOUT_RETURN_TYPE = YES_ERROR;
				GCC_WARN_UNDECLARED_SELECTOR = YES;
				GCC_WARN_UNINITIALIZED_AUTOS = YES;
				GCC_WARN_UNUSED_FUNCTION = YES;
				GCC_WARN_UNUSED_VARIABLE = YES;
				IPHONEOS_DEPLOYMENT_TARGET = 7.0;
				ONLY_ACTIVE_ARCH = YES;
				SDKROOT = iphoneos;
			};
			name = Debug;
		};
		D6DC12F418CDEE4500011F97 /* Release */ = {
			isa = XCBuildConfiguration;
			buildSettings = {
				ALWAYS_SEARCH_USER_PATHS = NO;
				ARCHS = "$(ARCHS_STANDARD_INCLUDING_64_BIT)";
				CLANG_CXX_LANGUAGE_STANDARD = "gnu++0x";
				CLANG_CXX_LIBRARY = "libc++";
				CLANG_ENABLE_MODULES = YES;
				CLANG_ENABLE_OBJC_ARC = YES;
				CLANG_WARN_BOOL_CONVERSION = YES;
				CLANG_WARN_CONSTANT_CONVERSION = YES;
				CLANG_WARN_DIRECT_OBJC_ISA_USAGE = YES_ERROR;
				CLANG_WARN_EMPTY_BODY = YES;
				CLANG_WARN_ENUM_CONVERSION = YES;
				CLANG_WARN_INT_CONVERSION = YES;
				CLANG_WARN_OBJC_ROOT_CLASS = YES_ERROR;
				CLANG_WARN__DUPLICATE_METHOD_MATCH = YES;
				"CODE_SIGN_IDENTITY[sdk=iphoneos*]" = "iPhone Developer";
				COPY_PHASE_STRIP = YES;
				ENABLE_NS_ASSERTIONS = NO;
				GCC_C_LANGUAGE_STANDARD = gnu99;
				GCC_WARN_64_TO_32_BIT_CONVERSION = YES;
				GCC_WARN_ABOUT_RETURN_TYPE = YES_ERROR;
				GCC_WARN_UNDECLARED_SELECTOR = YES;
				GCC_WARN_UNINITIALIZED_AUTOS = YES;
				GCC_WARN_UNUSED_FUNCTION = YES;
				GCC_WARN_UNUSED_VARIABLE = YES;
				IPHONEOS_DEPLOYMENT_TARGET = 7.0;
				SDKROOT = iphoneos;
				VALIDATE_PRODUCT = YES;
			};
			name = Release;
		};
		D6DC12F618CDEE4500011F97 /* Debug */ = {
			isa = XCBuildConfiguration;
			buildSettings = {
				ASSETCATALOG_COMPILER_APPICON_NAME = AppIcon;
				ASSETCATALOG_COMPILER_LAUNCHIMAGE_NAME = LaunchImage;
				GCC_PRECOMPILE_PREFIX_HEADER = YES;
				GCC_PREFIX_HEADER = "AutolayoutExample/AutolayoutExample-Prefix.pch";
				INFOPLIST_FILE = "AutolayoutExample/AutolayoutExample-Info.plist";
				PRODUCT_NAME = "$(TARGET_NAME)";
				WRAPPER_EXTENSION = app;
			};
			name = Debug;
		};
		D6DC12F718CDEE4500011F97 /* Release */ = {
			isa = XCBuildConfiguration;
			buildSettings = {
				ASSETCATALOG_COMPILER_APPICON_NAME = AppIcon;
				ASSETCATALOG_COMPILER_LAUNCHIMAGE_NAME = LaunchImage;
				GCC_PRECOMPILE_PREFIX_HEADER = YES;
				GCC_PREFIX_HEADER = "AutolayoutExample/AutolayoutExample-Prefix.pch";
				INFOPLIST_FILE = "AutolayoutExample/AutolayoutExample-Info.plist";
				PRODUCT_NAME = "$(TARGET_NAME)";
				WRAPPER_EXTENSION = app;
			};
			name = Release;
		};
		D6DC12F918CDEE4500011F97 /* Debug */ = {
			isa = XCBuildConfiguration;
			buildSettings = {
				ARCHS = "$(ARCHS_STANDARD_INCLUDING_64_BIT)";
				BUNDLE_LOADER = "$(BUILT_PRODUCTS_DIR)/AutolayoutExample.app/AutolayoutExample";
				FRAMEWORK_SEARCH_PATHS = (
					"$(SDKROOT)/Developer/Library/Frameworks",
					"$(inherited)",
					"$(DEVELOPER_FRAMEWORKS_DIR)",
				);
				GCC_PRECOMPILE_PREFIX_HEADER = YES;
				GCC_PREFIX_HEADER = "AutolayoutExample/AutolayoutExample-Prefix.pch";
				GCC_PREPROCESSOR_DEFINITIONS = (
					"DEBUG=1",
					"$(inherited)",
				);
				INFOPLIST_FILE = "AutolayoutExampleTests/AutolayoutExampleTests-Info.plist";
				PRODUCT_NAME = "$(TARGET_NAME)";
				TEST_HOST = "$(BUNDLE_LOADER)";
				WRAPPER_EXTENSION = xctest;
			};
			name = Debug;
		};
		D6DC12FA18CDEE4500011F97 /* Release */ = {
			isa = XCBuildConfiguration;
			buildSettings = {
				ARCHS = "$(ARCHS_STANDARD_INCLUDING_64_BIT)";
				BUNDLE_LOADER = "$(BUILT_PRODUCTS_DIR)/AutolayoutExample.app/AutolayoutExample";
				FRAMEWORK_SEARCH_PATHS = (
					"$(SDKROOT)/Developer/Library/Frameworks",
					"$(inherited)",
					"$(DEVELOPER_FRAMEWORKS_DIR)",
				);
				GCC_PRECOMPILE_PREFIX_HEADER = YES;
				GCC_PREFIX_HEADER = "AutolayoutExample/AutolayoutExample-Prefix.pch";
				INFOPLIST_FILE = "AutolayoutExampleTests/AutolayoutExampleTests-Info.plist";
				PRODUCT_NAME = "$(TARGET_NAME)";
				TEST_HOST = "$(BUNDLE_LOADER)";
				WRAPPER_EXTENSION = xctest;
			};
			name = Release;
		};
/* End XCBuildConfiguration section */

/* Begin XCConfigurationList section */
		D6DC12BB18CDEE4400011F97 /* Build configuration list for PBXProject "AutolayoutExample" */ = {
			isa = XCConfigurationList;
			buildConfigurations = (
				D6DC12F318CDEE4500011F97 /* Debug */,
				D6DC12F418CDEE4500011F97 /* Release */,
			);
			defaultConfigurationIsVisible = 0;
			defaultConfigurationName = Release;
		};
		D6DC12F518CDEE4500011F97 /* Build configuration list for PBXNativeTarget "AutolayoutExample" */ = {
			isa = XCConfigurationList;
			buildConfigurations = (
				D6DC12F618CDEE4500011F97 /* Debug */,
				D6DC12F718CDEE4500011F97 /* Release */,
			);
			defaultConfigurationIsVisible = 0;
		};
		D6DC12F818CDEE4500011F97 /* Build configuration list for PBXNativeTarget "AutolayoutExampleTests" */ = {
			isa = XCConfigurationList;
			buildConfigurations = (
				D6DC12F918CDEE4500011F97 /* Debug */,
				D6DC12FA18CDEE4500011F97 /* Release */,
			);
			defaultConfigurationIsVisible = 0;
		};
/* End XCConfigurationList section */
	};
	rootObject = D6DC12B818CDEE4400011F97 /* Project object */;
}
